
Microsoft Visual Studio Solution File, Format Version 12.00
# Visual Studio 15
VisualStudioVersion = 15.0.27428.2002
MinimumVisualStudioVersion = 10.0.40219.1
Project("{FAE04EC0-301F-11D3-BF4B-00C04F79EFBC}") = "ProjectMS2", "ProjectMS2\ProjectMS2.csproj", "{066B05E9-8EC6-40D4-996F-9A168F98299A}"
EndProject
Project("{FAE04EC0-301F-11D3-BF4B-00C04F79EFBC}") = "UnitTestProject2", "UnitTestProject2\UnitTestProject2.csproj", "{9F393499-0AF6-47D9-B090-82F4E3953098}"
EndProject
Global
	GlobalSection(SolutionConfigurationPlatforms) = preSolution
		Debug|Any CPU = Debug|Any CPU
		Release|Any CPU = Release|Any CPU
	EndGlobalSection
	GlobalSection(ProjectConfigurationPlatforms) = postSolution
		{066B05E9-8EC6-40D4-996F-9A168F98299A}.Debug|Any CPU.ActiveCfg = Debug|Any CPU
		{066B05E9-8EC6-40D4-996F-9A168F98299A}.Debug|Any CPU.Build.0 = Debug|Any CPU
		{066B05E9-8EC6-40D4-996F-9A168F98299A}.Release|Any CPU.ActiveCfg = Release|Any CPU
		{066B05E9-8EC6-40D4-996F-9A168F98299A}.Release|Any CPU.Build.0 = Release|Any CPU
		{9F393499-0AF6-47D9-B090-82F4E3953098}.Debug|Any CPU.ActiveCfg = Debug|Any CPU
		{9F393499-0AF6-47D9-B090-82F4E3953098}.Debug|Any CPU.Build.0 = Debug|Any CPU
		{9F393499-0AF6-47D9-B090-82F4E3953098}.Release|Any CPU.ActiveCfg = Release|Any CPU
		{9F393499-0AF6-47D9-B090-82F4E3953098}.Release|Any CPU.Build.0 = Release|Any CPU
	EndGlobalSection
	GlobalSection(SolutionProperties) = preSolution
		HideSolutionNode = FALSE
	EndGlobalSection
	GlobalSection(ExtensibilityGlobals) = postSolution
		SolutionGuid = {9C03621E-C87C-4473-8DD4-9718E7F67707}
	EndGlobalSection
EndGlobal
